// !$*UTF8*$!
{
	archiveVersion = 1;
	classes = {
	};
	objectVersion = 46;
	objects = {

/* Begin PBXFileReference section */
		2F4953BF16F7E48A003117AF /* uartonoff.h */ = {isa = PBXFileReference; lastKnownFileType = sourcecode.c.h; name = uartonoff.h; path = src/options/uartonoff.h; sourceTree = "<group>"; };
		2F4953C016F7E49E003117AF /* uartonoff.c */ = {isa = PBXFileReference; fileEncoding = 4; lastKnownFileType = sourcecode.c.c; name = uartonoff.c; path = src/options/uartonoff.c; sourceTree = "<group>"; };
		3000B37916EB82B1009F4E75 /* deviceconfig.c */ = {isa = PBXFileReference; fileEncoding = 4; lastKnownFileType = sourcecode.c.c; name = deviceconfig.c; path = src/device/deviceconfig.c; sourceTree = "<group>"; };
		3000B37A16EB82E2009F4E75 /* deviceconfig.h */ = {isa = PBXFileReference; lastKnownFileType = sourcecode.c.h; name = deviceconfig.h; path = src/device/deviceconfig.h; sourceTree = "<group>"; };
		3000B37B16EB834A009F4E75 /* main.c */ = {isa = PBXFileReference; fileEncoding = 4; lastKnownFileType = sourcecode.c.c; name = main.c; path = src/main.c; sourceTree = "<group>"; };
		3000B37D16EB8903009F4E75 /* lcd.c */ = {isa = PBXFileReference; fileEncoding = 4; lastKnownFileType = sourcecode.c.c; name = lcd.c; path = "src-lib/lcd/lcd.c"; sourceTree = "<group>"; };
		3000B37F16EB8920009F4E75 /* lcd.h */ = {isa = PBXFileReference; fileEncoding = 4; lastKnownFileType = sourcecode.c.h; name = lcd.h; path = "src-lib/lcd/lcd.h"; sourceTree = "<group>"; };
		3000B38016EB9609009F4E75 /* lights.h */ = {isa = PBXFileReference; lastKnownFileType = sourcecode.c.h; name = lights.h; path = src/ui/lights.h; sourceTree = "<group>"; };
		3000B38116EB9627009F4E75 /* lights.c */ = {isa = PBXFileReference; fileEncoding = 4; lastKnownFileType = sourcecode.c.c; name = lights.c; path = src/ui/lights.c; sourceTree = "<group>"; };
		3000B38216EB9807009F4E75 /* menu.h */ = {isa = PBXFileReference; lastKnownFileType = sourcecode.c.h; name = menu.h; path = src/ui/menu.h; sourceTree = "<group>"; };
		3000B38316EB981A009F4E75 /* menu.c */ = {isa = PBXFileReference; fileEncoding = 4; lastKnownFileType = sourcecode.c.c; name = menu.c; path = src/ui/menu.c; sourceTree = "<group>"; };
		3000B38616EBA09F009F4E75 /* menuTest.c */ = {isa = PBXFileReference; fileEncoding = 4; lastKnownFileType = sourcecode.c.c; name = menuTest.c; path = tests/menu/menuTest.c; sourceTree = "<group>"; };
		300175091702553000332DE8 /* langTest.c */ = {isa = PBXFileReference; fileEncoding = 4; lastKnownFileType = sourcecode.c.c; name = langTest.c; path = tests/lang/langTest.c; sourceTree = "<group>"; };
		3001750A1702553000332DE8 /* langTest.h */ = {isa = PBXFileReference; fileEncoding = 4; lastKnownFileType = sourcecode.c.h; name = langTest.h; path = tests/lang/langTest.h; sourceTree = "<group>"; };
<<<<<<< HEAD
		3001750B170255EC00332DE8 /* langTest.c */ = {isa = PBXFileReference; fileEncoding = 4; lastKnownFileType = sourcecode.c.c; name = langTest.c; path = tests/langTest.c; sourceTree = "<group>"; };
		3001750C170255EC00332DE8 /* menuTest.c */ = {isa = PBXFileReference; fileEncoding = 4; lastKnownFileType = sourcecode.c.c; name = menuTest.c; path = tests/menuTest.c; sourceTree = "<group>"; };
=======
>>>>>>> add cron & preference saving
		3024D9FA1705B555008C133F /* saveeeprom.h */ = {isa = PBXFileReference; fileEncoding = 4; lastKnownFileType = sourcecode.c.h; name = saveeeprom.h; path = src/options/saveeeprom.h; sourceTree = "<group>"; };
		3024D9FB1705B56E008C133F /* saveeeprom.c */ = {isa = PBXFileReference; fileEncoding = 4; lastKnownFileType = sourcecode.c.c; name = saveeeprom.c; path = src/options/saveeeprom.c; sourceTree = "<group>"; };
		3079F19A16EC1F5600750ED5 /* menuTest.h */ = {isa = PBXFileReference; fileEncoding = 4; lastKnownFileType = sourcecode.c.h; name = menuTest.h; path = tests/menu/menuTest.h; sourceTree = "<group>"; };
		3079F19C16EC1FBC00750ED5 /* test.c */ = {isa = PBXFileReference; fileEncoding = 4; lastKnownFileType = sourcecode.c.c; name = test.c; path = tests/test.c; sourceTree = "<group>"; };
		3079F19E16ECA89600750ED5 /* frontbuttoncontrol.h */ = {isa = PBXFileReference; fileEncoding = 4; lastKnownFileType = sourcecode.c.h; name = frontbuttoncontrol.h; path = src/control/frontbuttoncontrol.h; sourceTree = "<group>"; };
		3079F19F16ECA8AD00750ED5 /* frontbuttoncontrol.c */ = {isa = PBXFileReference; fileEncoding = 4; lastKnownFileType = sourcecode.c.c; name = frontbuttoncontrol.c; path = src/control/frontbuttoncontrol.c; sourceTree = "<group>"; };
		3079F1A016ECADFF00750ED5 /* global.h */ = {isa = PBXFileReference; lastKnownFileType = sourcecode.c.h; name = global.h; path = src/global.h; sourceTree = "<group>"; };
		3079F1A316ECCEBA00750ED5 /* hello.c */ = {isa = PBXFileReference; fileEncoding = 4; lastKnownFileType = sourcecode.c.c; name = hello.c; path = src/functions/hello.c; sourceTree = "<group>"; };
		3079F1A416ECCEDA00750ED5 /* hello.h */ = {isa = PBXFileReference; lastKnownFileType = sourcecode.c.h; name = hello.h; path = src/functions/hello.h; sourceTree = "<group>"; };
		3079F1A516ED0BA600750ED5 /* countExtPorts.h */ = {isa = PBXFileReference; lastKnownFileType = sourcecode.c.h; name = countExtPorts.h; path = src/functions/countExtPorts.h; sourceTree = "<group>"; };
		3079F1A616ED0BB800750ED5 /* countExtPorts.c */ = {isa = PBXFileReference; fileEncoding = 4; lastKnownFileType = sourcecode.c.c; name = countExtPorts.c; path = src/functions/countExtPorts.c; sourceTree = "<group>"; };
		3079F1A716ED0CFD00750ED5 /* dummy.h */ = {isa = PBXFileReference; lastKnownFileType = sourcecode.c.h; name = dummy.h; path = src/functions/dummy.h; sourceTree = "<group>"; };
		3079F1A816ED0D4500750ED5 /* dummy.c */ = {isa = PBXFileReference; fileEncoding = 4; lastKnownFileType = sourcecode.c.c; name = dummy.c; path = src/functions/dummy.c; sourceTree = "<group>"; };
		3079F1A916ED261400750ED5 /* showDACValue.h */ = {isa = PBXFileReference; lastKnownFileType = sourcecode.c.h; name = showDACValue.h; path = src/functions/showDACValue.h; sourceTree = "<group>"; };
		3079F1AA16ED262800750ED5 /* showDACValue.c */ = {isa = PBXFileReference; fileEncoding = 4; lastKnownFileType = sourcecode.c.c; name = showDACValue.c; path = src/functions/showDACValue.c; sourceTree = "<group>"; };
		3079F1AB16ED2C2700750ED5 /* showFastPorts.h */ = {isa = PBXFileReference; lastKnownFileType = sourcecode.c.h; name = showFastPorts.h; path = src/functions/showFastPorts.h; sourceTree = "<group>"; };
		3079F1AC16ED2C3A00750ED5 /* showFastPorts.c */ = {isa = PBXFileReference; fileEncoding = 4; lastKnownFileType = sourcecode.c.c; name = showFastPorts.c; path = src/functions/showFastPorts.c; sourceTree = "<group>"; };
<<<<<<< HEAD
=======
		30A9C0A11713EDA7005BF277 /* uptime.h */ = {isa = PBXFileReference; fileEncoding = 4; lastKnownFileType = sourcecode.c.h; name = uptime.h; path = src/functions/uptime.h; sourceTree = "<group>"; };
		30A9C0A21713EDB9005BF277 /* uptime.c */ = {isa = PBXFileReference; fileEncoding = 4; lastKnownFileType = sourcecode.c.c; name = uptime.c; path = src/functions/uptime.c; sourceTree = "<group>"; };
		30DAB76D1707C5EE00202821 /* timerdemo.h */ = {isa = PBXFileReference; lastKnownFileType = sourcecode.c.h; name = timerdemo.h; path = src/functions/timerdemo.h; sourceTree = "<group>"; };
		30DAB76E1707C60800202821 /* timerdemo.c */ = {isa = PBXFileReference; fileEncoding = 4; lastKnownFileType = sourcecode.c.c; name = timerdemo.c; path = src/functions/timerdemo.c; sourceTree = "<group>"; };
		30DAB76F1708271200202821 /* cron.h */ = {isa = PBXFileReference; lastKnownFileType = sourcecode.c.h; name = cron.h; path = src/control/cron.h; sourceTree = "<group>"; };
		30DAB7701708272200202821 /* cron.c */ = {isa = PBXFileReference; fileEncoding = 4; lastKnownFileType = sourcecode.c.c; name = cron.c; path = src/control/cron.c; sourceTree = "<group>"; };
		30DAB7711708365800202821 /* uart.c */ = {isa = PBXFileReference; fileEncoding = 4; lastKnownFileType = sourcecode.c.c; name = uart.c; path = "src-lib/uart/uart.c"; sourceTree = "<group>"; };
		30DAB7731708590000202821 /* cronTest.c */ = {isa = PBXFileReference; fileEncoding = 4; lastKnownFileType = sourcecode.c.c; name = cronTest.c; path = tests/cron/cronTest.c; sourceTree = "<group>"; };
		30DAB7741708590000202821 /* cronTest.h */ = {isa = PBXFileReference; fileEncoding = 4; lastKnownFileType = sourcecode.c.h; name = cronTest.h; path = tests/cron/cronTest.h; sourceTree = "<group>"; };
		30DAB7751708F5CE00202821 /* timerTest.h */ = {isa = PBXFileReference; fileEncoding = 4; lastKnownFileType = sourcecode.c.h; name = timerTest.h; path = tests/cron/timerTest.h; sourceTree = "<group>"; };
		30DAB7761708F5F100202821 /* timerTest.c */ = {isa = PBXFileReference; fileEncoding = 4; lastKnownFileType = sourcecode.c.c; name = timerTest.c; path = tests/cron/timerTest.c; sourceTree = "<group>"; };
		30DAB7771708F63600202821 /* Makefile */ = {isa = PBXFileReference; fileEncoding = 4; lastKnownFileType = sourcecode.make; name = Makefile; path = tests/Makefile; sourceTree = "<group>"; };
>>>>>>> add cron & preference saving
		cd5dbf3629c558b0104ba8f0937d6816 /* makefile */ = {isa = PBXFileReference; fileEncoding = 4; lastKnownFileType = sourcecode.make; path = makefile; sourceTree = "<group>"; };
/* End PBXFileReference section */

/* Begin PBXGroup section */
		232FCB3D1512B3B300C4BAA8 = {
			isa = PBXGroup;
			children = (
				cd5dbf3629c558b0104ba8f0937d6816 /* makefile */,
				23FC44A71512BBA900AD7469 /* Headers */,
				3000B37E16EB890A009F4E75 /* Headers-Library */,
				23FC44A61512BBA100AD7469 /* Source */,
				3000B37C16EB88A8009F4E75 /* Source-Library */,
				3000B38416EB9D8B009F4E75 /* Tests */,
			);
			sourceTree = "<group>";
		};
		23FC44A61512BBA100AD7469 /* Source */ = {
			isa = PBXGroup;
			children = (
				2F4953BE16F7E469003117AF /* Options */,
				3079F1A116ECCE5000750ED5 /* Functions */,
				3000B37B16EB834A009F4E75 /* main.c */,
				3000B37916EB82B1009F4E75 /* deviceconfig.c */,
				3000B38116EB9627009F4E75 /* lights.c */,
				3000B38316EB981A009F4E75 /* menu.c */,
				3079F19F16ECA8AD00750ED5 /* frontbuttoncontrol.c */,
				30DAB7701708272200202821 /* cron.c */,
			);
			name = Source;
			sourceTree = "<group>";
		};
		23FC44A71512BBA900AD7469 /* Headers */ = {
			isa = PBXGroup;
			children = (
				2F4953BD16F7E45B003117AF /* Options */,
				3079F1A216ECCE5B00750ED5 /* Functions */,
				3000B37A16EB82E2009F4E75 /* deviceconfig.h */,
				3000B38016EB9609009F4E75 /* lights.h */,
				3000B38216EB9807009F4E75 /* menu.h */,
				3079F19E16ECA89600750ED5 /* frontbuttoncontrol.h */,
				3079F1A016ECADFF00750ED5 /* global.h */,
				30DAB76F1708271200202821 /* cron.h */,
			);
			name = Headers;
			sourceTree = "<group>";
		};
		2F4953BD16F7E45B003117AF /* Options */ = {
			isa = PBXGroup;
			children = (
				3024D9FA1705B555008C133F /* saveeeprom.h */,
				2F4953BF16F7E48A003117AF /* uartonoff.h */,
			);
			name = Options;
			sourceTree = "<group>";
		};
		2F4953BE16F7E469003117AF /* Options */ = {
			isa = PBXGroup;
			children = (
				3024D9FB1705B56E008C133F /* saveeeprom.c */,
				2F4953C016F7E49E003117AF /* uartonoff.c */,
			);
			name = Options;
			sourceTree = "<group>";
		};
		3000B37C16EB88A8009F4E75 /* Source-Library */ = {
			isa = PBXGroup;
			children = (
				30DAB7711708365800202821 /* uart.c */,
				3000B37D16EB8903009F4E75 /* lcd.c */,
			);
			name = "Source-Library";
			sourceTree = "<group>";
		};
		3000B37E16EB890A009F4E75 /* Headers-Library */ = {
			isa = PBXGroup;
			children = (
				3000B37F16EB8920009F4E75 /* lcd.h */,
			);
			name = "Headers-Library";
			sourceTree = "<group>";
		};
		3000B38416EB9D8B009F4E75 /* Tests */ = {
			isa = PBXGroup;
			children = (
				30DAB7771708F63600202821 /* Makefile */,
				30DAB772170858A700202821 /* cron */,
				30017508170254F700332DE8 /* lang */,
				3079F19C16EC1FBC00750ED5 /* test.c */,
				3079F19B16EC1FA400750ED5 /* ui */,
			);
			name = Tests;
			sourceTree = "<group>";
		};
		30017508170254F700332DE8 /* lang */ = {
			isa = PBXGroup;
			children = (
				300175091702553000332DE8 /* langTest.c */,
				3001750A1702553000332DE8 /* langTest.h */,
			);
			name = lang;
			sourceTree = "<group>";
		};
		3079F19B16EC1FA400750ED5 /* ui */ = {
			isa = PBXGroup;
			children = (
				3079F19A16EC1F5600750ED5 /* menuTest.h */,
				3000B38616EBA09F009F4E75 /* menuTest.c */,
			);
			name = ui;
			sourceTree = "<group>";
		};
		3079F1A116ECCE5000750ED5 /* Functions */ = {
			isa = PBXGroup;
			children = (
				30A9C0A21713EDB9005BF277 /* uptime.c */,
				3079F1A316ECCEBA00750ED5 /* hello.c */,
				3079F1A616ED0BB800750ED5 /* countExtPorts.c */,
				3079F1A816ED0D4500750ED5 /* dummy.c */,
				3079F1AA16ED262800750ED5 /* showDACValue.c */,
				3079F1AC16ED2C3A00750ED5 /* showFastPorts.c */,
<<<<<<< HEAD
=======
				30DAB76E1707C60800202821 /* timerdemo.c */,
>>>>>>> add cron & preference saving
			);
			name = Functions;
			sourceTree = "<group>";
		};
		3079F1A216ECCE5B00750ED5 /* Functions */ = {
			isa = PBXGroup;
			children = (
				30A9C0A11713EDA7005BF277 /* uptime.h */,
				3079F1A416ECCEDA00750ED5 /* hello.h */,
				3079F1A516ED0BA600750ED5 /* countExtPorts.h */,
				3079F1A716ED0CFD00750ED5 /* dummy.h */,
				3079F1A916ED261400750ED5 /* showDACValue.h */,
				3079F1AB16ED2C2700750ED5 /* showFastPorts.h */,
<<<<<<< HEAD
=======
				30DAB76D1707C5EE00202821 /* timerdemo.h */,
>>>>>>> add cron & preference saving
			);
			name = Functions;
			sourceTree = "<group>";
		};
		30DAB772170858A700202821 /* cron */ = {
			isa = PBXGroup;
			children = (
				30DAB7751708F5CE00202821 /* timerTest.h */,
				30DAB7731708590000202821 /* cronTest.c */,
				30DAB7741708590000202821 /* cronTest.h */,
				30DAB7761708F5F100202821 /* timerTest.c */,
			);
			name = cron;
			sourceTree = "<group>";
		};
/* End PBXGroup section */

/* Begin PBXLegacyTarget section */
		23FC44C71512C22700AD7469 /* AnalyserDude */ = {
			isa = PBXLegacyTarget;
			buildArgumentsString = "$(ACTION)";
			buildConfigurationList = 23FC44C81512C22800AD7469 /* Build configuration list for PBXLegacyTarget "AnalyserDude" */;
			buildPhases = (
			);
			buildToolPath = make;
			dependencies = (
			);
			name = AnalyserDude;
			passBuildSettingsInEnvironment = 1;
			productName = AnalyserDude;
		};
		305211AD16F71DC7002A6475 /* AnalyserTests */ = {
			isa = PBXLegacyTarget;
			buildArgumentsString = "$(ACTION)";
			buildConfigurationList = 305211AE16F71DC7002A6475 /* Build configuration list for PBXLegacyTarget "AnalyserTests" */;
			buildPhases = (
			);
			buildToolPath = make;
			buildWorkingDirectory = "";
			dependencies = (
			);
			name = AnalyserTests;
			passBuildSettingsInEnvironment = 1;
			productName = AnalyserTests;
		};
/* End PBXLegacyTarget section */

/* Begin PBXProject section */
		232FCB3F1512B3B300C4BAA8 /* Project object */ = {
			isa = PBXProject;
			attributes = {
				LastUpgradeCheck = 0460;
			};
			buildConfigurationList = 232FCB421512B3B300C4BAA8 /* Build configuration list for PBXProject "AnalyserDude" */;
			compatibilityVersion = "Xcode 3.2";
			developmentRegion = English;
			hasScannedForEncodings = 0;
			knownRegions = (
				en,
			);
			mainGroup = 232FCB3D1512B3B300C4BAA8;
			productRefGroup = 232FCB3D1512B3B300C4BAA8;
			projectDirPath = "";
			projectRoot = "";
			targets = (
				23FC44C71512C22700AD7469 /* AnalyserDude */,
				305211AD16F71DC7002A6475 /* AnalyserTests */,
			);
		};
/* End PBXProject section */

/* Begin XCBuildConfiguration section */
		232FCB451512B3B300C4BAA8 /* Debug */ = {
			isa = XCBuildConfiguration;
			buildSettings = {
				ALWAYS_SEARCH_USER_PATHS = NO;
				ARCHS = "$(ARCHS_STANDARD_64_BIT)";
				CLANG_WARN_CONSTANT_CONVERSION = YES;
				CLANG_WARN_ENUM_CONVERSION = YES;
				CLANG_WARN_INT_CONVERSION = YES;
				CLANG_WARN__DUPLICATE_METHOD_MATCH = YES;
				COPY_PHASE_STRIP = NO;
				GCC_C_LANGUAGE_STANDARD = gnu99;
				GCC_DYNAMIC_NO_PIC = NO;
				GCC_ENABLE_OBJC_EXCEPTIONS = YES;
				GCC_OPTIMIZATION_LEVEL = 0;
				GCC_PREPROCESSOR_DEFINITIONS = (
					"DEBUG=1",
					"$(inherited)",
				);
				GCC_SYMBOLS_PRIVATE_EXTERN = NO;
				GCC_VERSION = "avr-gcc";
				GCC_WARN_64_TO_32_BIT_CONVERSION = YES;
				GCC_WARN_ABOUT_MISSING_PROTOTYPES = YES;
				GCC_WARN_ABOUT_RETURN_TYPE = YES;
				GCC_WARN_UNINITIALIZED_AUTOS = YES;
				GCC_WARN_UNUSED_VARIABLE = YES;
				MACOSX_DEPLOYMENT_TARGET = 10.7;
				ONLY_ACTIVE_ARCH = YES;
				SDKROOT = macosx;
			};
			name = Debug;
		};
		232FCB461512B3B300C4BAA8 /* Release */ = {
			isa = XCBuildConfiguration;
			buildSettings = {
				ALWAYS_SEARCH_USER_PATHS = NO;
				ARCHS = "$(ARCHS_STANDARD_64_BIT)";
				CLANG_WARN_CONSTANT_CONVERSION = YES;
				CLANG_WARN_ENUM_CONVERSION = YES;
				CLANG_WARN_INT_CONVERSION = YES;
				CLANG_WARN__DUPLICATE_METHOD_MATCH = YES;
				COPY_PHASE_STRIP = YES;
				DEBUG_INFORMATION_FORMAT = "dwarf-with-dsym";
				GCC_C_LANGUAGE_STANDARD = gnu99;
				GCC_ENABLE_OBJC_EXCEPTIONS = YES;
				GCC_VERSION = "avr-gcc";
				GCC_WARN_64_TO_32_BIT_CONVERSION = YES;
				GCC_WARN_ABOUT_MISSING_PROTOTYPES = YES;
				GCC_WARN_ABOUT_RETURN_TYPE = YES;
				GCC_WARN_UNINITIALIZED_AUTOS = YES;
				GCC_WARN_UNUSED_VARIABLE = YES;
				MACOSX_DEPLOYMENT_TARGET = 10.7;
				SDKROOT = macosx;
			};
			name = Release;
		};
		23FC44C91512C22800AD7469 /* Debug */ = {
			isa = XCBuildConfiguration;
			buildSettings = {
				COMBINE_HIDPI_IMAGES = YES;
				DEBUGGING_SYMBOLS = YES;
				GCC_GENERATE_DEBUGGING_SYMBOLS = YES;
				GCC_OPTIMIZATION_LEVEL = 0;
				GCC_VERSION = "avr-gcc";
				OTHER_CFLAGS = "";
				OTHER_LDFLAGS = "";
				PRODUCT_NAME = "$(TARGET_NAME)";
			};
			name = Debug;
		};
		23FC44CA1512C22800AD7469 /* Release */ = {
			isa = XCBuildConfiguration;
			buildSettings = {
				COMBINE_HIDPI_IMAGES = YES;
				GCC_VERSION = "avr-gcc";
				OTHER_CFLAGS = "";
				OTHER_LDFLAGS = "";
				PRODUCT_NAME = "$(TARGET_NAME)";
			};
			name = Release;
		};
		305211AF16F71DC7002A6475 /* Debug */ = {
			isa = XCBuildConfiguration;
			buildSettings = {
				CLANG_CXX_LANGUAGE_STANDARD = "gnu++0x";
				CLANG_CXX_LIBRARY = "libc++";
				CLANG_WARN_EMPTY_BODY = YES;
				DEBUGGING_SYMBOLS = YES;
				GCC_GENERATE_DEBUGGING_SYMBOLS = YES;
				GCC_OPTIMIZATION_LEVEL = 0;
				GCC_VERSION = gcc;
				MACOSX_DEPLOYMENT_TARGET = 10.8;
				OTHER_CFLAGS = "";
				OTHER_LDFLAGS = "";
				PRODUCT_NAME = "$(TARGET_NAME)";
			};
			name = Debug;
		};
		305211B016F71DC7002A6475 /* Release */ = {
			isa = XCBuildConfiguration;
			buildSettings = {
				CLANG_CXX_LANGUAGE_STANDARD = "gnu++0x";
				CLANG_CXX_LIBRARY = "libc++";
				CLANG_WARN_EMPTY_BODY = YES;
				GCC_VERSION = gcc;
				MACOSX_DEPLOYMENT_TARGET = 10.8;
				OTHER_CFLAGS = "";
				OTHER_LDFLAGS = "";
				PRODUCT_NAME = "$(TARGET_NAME)";
			};
			name = Release;
		};
/* End XCBuildConfiguration section */

/* Begin XCConfigurationList section */
		232FCB421512B3B300C4BAA8 /* Build configuration list for PBXProject "AnalyserDude" */ = {
			isa = XCConfigurationList;
			buildConfigurations = (
				232FCB451512B3B300C4BAA8 /* Debug */,
				232FCB461512B3B300C4BAA8 /* Release */,
			);
			defaultConfigurationIsVisible = 0;
			defaultConfigurationName = Release;
		};
		23FC44C81512C22800AD7469 /* Build configuration list for PBXLegacyTarget "AnalyserDude" */ = {
			isa = XCConfigurationList;
			buildConfigurations = (
				23FC44C91512C22800AD7469 /* Debug */,
				23FC44CA1512C22800AD7469 /* Release */,
			);
			defaultConfigurationIsVisible = 0;
			defaultConfigurationName = Release;
		};
		305211AE16F71DC7002A6475 /* Build configuration list for PBXLegacyTarget "AnalyserTests" */ = {
			isa = XCConfigurationList;
			buildConfigurations = (
				305211AF16F71DC7002A6475 /* Debug */,
				305211B016F71DC7002A6475 /* Release */,
			);
			defaultConfigurationIsVisible = 0;
			defaultConfigurationName = Release;
		};
/* End XCConfigurationList section */
	};
	rootObject = 232FCB3F1512B3B300C4BAA8 /* Project object */;
}
